
Microsoft Visual Studio Solution File, Format Version 12.00
# Visual Studio 14
VisualStudioVersion = 14.0.25420.1
MinimumVisualStudioVersion = 10.0.40219.1
Project("{2150E333-8FDC-42A3-9474-1A3956D46DE8}") = "src", "src", "{41784B99-540C-4AFA-8C29-4F436FCC993E}"
EndProject
Project("{2150E333-8FDC-42A3-9474-1A3956D46DE8}") = "Solution Items", "Solution Items", "{B750978B-2AF0-4DF1-ACCD-8EAB734D0043}"
	ProjectSection(SolutionItems) = preProject
		global.json = global.json
	EndProjectSection
EndProject
Project("{8BB2217D-0F2D-49D1-97BC-3654ED321F3B}") = "Blog", "src\Blog\Blog.xproj", "{1DE9B169-C8CB-4D46-B055-2ED7830723C2}"
EndProject
Project("{8BB2217D-0F2D-49D1-97BC-3654ED321F3B}") = "AuthoringTagHelpers", "src\AuthoringTagHelpers\AuthoringTagHelpers.xproj", "{23DFB62B-5B4A-4361-8D05-429485ABED41}"
EndProject
Global
	GlobalSection(SolutionConfigurationPlatforms) = preSolution
		Debug|Any CPU = Debug|Any CPU
		Release|Any CPU = Release|Any CPU
	EndGlobalSection
	GlobalSection(ProjectConfigurationPlatforms) = postSolution
		{1DE9B169-C8CB-4D46-B055-2ED7830723C2}.Debug|Any CPU.ActiveCfg = Debug|Any CPU
		{1DE9B169-C8CB-4D46-B055-2ED7830723C2}.Debug|Any CPU.Build.0 = Debug|Any CPU
		{1DE9B169-C8CB-4D46-B055-2ED7830723C2}.Release|Any CPU.ActiveCfg = Release|Any CPU
		{1DE9B169-C8CB-4D46-B055-2ED7830723C2}.Release|Any CPU.Build.0 = Release|Any CPU
		{23DFB62B-5B4A-4361-8D05-429485ABED41}.Debug|Any CPU.ActiveCfg = Debug|Any CPU
		{23DFB62B-5B4A-4361-8D05-429485ABED41}.Debug|Any CPU.Build.0 = Debug|Any CPU
		{23DFB62B-5B4A-4361-8D05-429485ABED41}.Release|Any CPU.ActiveCfg = Release|Any CPU
		{23DFB62B-5B4A-4361-8D05-429485ABED41}.Release|Any CPU.Build.0 = Release|Any CPU
	EndGlobalSection
	GlobalSection(SolutionProperties) = preSolution
		HideSolutionNode = FALSE
	EndGlobalSection
	GlobalSection(NestedProjects) = preSolution
		{1DE9B169-C8CB-4D46-B055-2ED7830723C2} = {41784B99-540C-4AFA-8C29-4F436FCC993E}
		{23DFB62B-5B4A-4361-8D05-429485ABED41} = {41784B99-540C-4AFA-8C29-4F436FCC993E}
	EndGlobalSection
EndGlobal
